
Microsoft Visual Studio Solution File, Format Version 12.00
# Visual Studio Version 17
VisualStudioVersion = 17.14.36804.6 d17.14
MinimumVisualStudioVersion = 10.0.40219.1
Project("{FAE04EC0-301F-11D3-BF4B-00C04F79EFBC}") = "SnowflakeApp", "SnowflakeApp\SnowflakeApp.csproj", "{D87EC1FE-A7B9-48C1-A5F8-3A22043DD040}"
EndProject
Global
	GlobalSection(SolutionConfigurationPlatforms) = preSolution
		Debug|Any CPU = Debug|Any CPU
		Release|Any CPU = Release|Any CPU
	EndGlobalSection
	GlobalSection(ProjectConfigurationPlatforms) = postSolution
		{D87EC1FE-A7B9-48C1-A5F8-3A22043DD040}.Debug|Any CPU.ActiveCfg = Debug|Any CPU
		{D87EC1FE-A7B9-48C1-A5F8-3A22043DD040}.Debug|Any CPU.Build.0 = Debug|Any CPU
		{D87EC1FE-A7B9-48C1-A5F8-3A22043DD040}.Release|Any CPU.ActiveCfg = Release|Any CPU
		{D87EC1FE-A7B9-48C1-A5F8-3A22043DD040}.Release|Any CPU.Build.0 = Release|Any CPU
	EndGlobalSection
	GlobalSection(SolutionProperties) = preSolution
		HideSolutionNode = FALSE
	EndGlobalSection
	GlobalSection(ExtensibilityGlobals) = postSolution
		SolutionGuid = {FCBB5667-00CB-4D1A-834A-C62817586AA1}
	EndGlobalSection
EndGlobal
